{
  "name": "@checkdigit/prettier-config",
  "version": "5.1.0",
  "lockfileVersion": 3,
  "requires": true,
  "packages": {
    "": {
      "name": "@checkdigit/prettier-config",
      "version": "5.1.0",
      "license": "MIT",
      "engines": {
        "node": ">=20.10"
      },
      "peerDependencies": {
        "prettier": "3.1.1"
      }
    },
    "node_modules/prettier": {
      "version": "3.1.1",
      "resolved": "https://registry.npmjs.org/prettier/-/prettier-3.1.1.tgz",
      "integrity": "sha512-22UbSzg8luF4UuZtzgiUOfcGM8s4tjBv6dJRT7j275NXsy2jb4aJa4NNveul5x4eqlF1wuhuR2RElK71RvmVaw==",
      "peer": true,
      "bin": {
        "prettier": "bin/prettier.cjs"
      },
      "engines": {
        "node": ">=14"
      },
      "funding": {
        "url": "https://github.com/prettier/prettier?sponsor=1"
      }
    }
  }
}
